
Microsoft Visual Studio Solution File, Format Version 12.00
# Visual Studio 15
VisualStudioVersion = 15.0.28307.168
MinimumVisualStudioVersion = 10.0.40219.1
Project("{FAE04EC0-301F-11D3-BF4B-00C04F79EFBC}") = "ip_haber_ornegi", "ip_haber_ornegi\ip_haber_ornegi.csproj", "{07A03A7E-50C9-49EB-B5C7-04AB2E55681F}"
EndProject
Global
	GlobalSection(SolutionConfigurationPlatforms) = preSolution
		Debug|Any CPU = Debug|Any CPU
		Release|Any CPU = Release|Any CPU
	EndGlobalSection
	GlobalSection(ProjectConfigurationPlatforms) = postSolution
		{07A03A7E-50C9-49EB-B5C7-04AB2E55681F}.Debug|Any CPU.ActiveCfg = Debug|Any CPU
		{07A03A7E-50C9-49EB-B5C7-04AB2E55681F}.Debug|Any CPU.Build.0 = Debug|Any CPU
		{07A03A7E-50C9-49EB-B5C7-04AB2E55681F}.Release|Any CPU.ActiveCfg = Release|Any CPU
		{07A03A7E-50C9-49EB-B5C7-04AB2E55681F}.Release|Any CPU.Build.0 = Release|Any CPU
	EndGlobalSection
	GlobalSection(SolutionProperties) = preSolution
		HideSolutionNode = FALSE
	EndGlobalSection
	GlobalSection(ExtensibilityGlobals) = postSolution
		SolutionGuid = {F7A1E31D-2C0F-45BB-9253-DF98E46A9FD9}
	EndGlobalSection
EndGlobal
